{
  "name": "maps",
  "version": "1.0.0",
  "lockfileVersion": 3,
  "requires": true,
  "packages": {
    "": {
      "name": "maps",
      "version": "1.0.0",
      "license": "ISC",
      "dependencies": {
        "@faker-js/faker": "^8.1.0",
        "@types/faker": "^6.6.9",
        "@types/google.maps": "^3.54.2"
      }
    },
    "node_modules/@faker-js/faker": {
      "version": "8.1.0",
      "resolved": "https://registry.npmjs.org/@faker-js/faker/-/faker-8.1.0.tgz",
      "integrity": "sha512-38DT60rumHfBYynif3lmtxMqMqmsOQIxQgEuPZxCk2yUYN0eqWpTACgxi0VpidvsJB8CRxCpvP7B3anK85FjtQ==",
      "funding": [
        {
          "type": "opencollective",
          "url": "https://opencollective.com/fakerjs"
        }
      ],
      "engines": {
        "node": "^14.17.0 || ^16.13.0 || >=18.0.0",
        "npm": ">=6.14.13"
      }
    },
    "node_modules/@types/faker": {
      "version": "6.6.9",
      "resolved": "https://registry.npmjs.org/@types/faker/-/faker-6.6.9.tgz",
      "integrity": "sha512-Y9YYm5L//8ooiiknO++4Gr539zzdI0j3aXnOBjo1Vk+kTvffY10GuE2wn78AFPECwZ5MYGTjiDVw1naLLdDimw==",
      "deprecated": "This is a stub types definition. faker provides its own type definitions, so you do not need this installed.",
      "dependencies": {
        "faker": "*"
      }
    },
    "node_modules/@types/google.maps": {
      "version": "3.54.2",
      "resolved": "https://registry.npmjs.org/@types/google.maps/-/google.maps-3.54.2.tgz",
      "integrity": "sha512-H75MGIauIsmBNeSSk3MNUxU0dcdipMnoUwXLtmtqvKTNfEJYZGKeJG22kt4VCRpZ0nQEPNqXS3mnDshzIbRdZw=="
    },
    "node_modules/faker": {
      "version": "6.6.6",
      "resolved": "https://registry.npmjs.org/faker/-/faker-6.6.6.tgz",
      "integrity": "sha512-9tCqYEDHI5RYFQigXFwF1hnCwcWCOJl/hmll0lr5D2Ljjb0o4wphb69wikeJDz5qCEzXCoPvG6ss5SDP6IfOdg=="
    }
  }
}
